
Microsoft Visual Studio Solution File, Format Version 12.00
# Visual Studio 15
VisualStudioVersion = 15.0.26124.0
MinimumVisualStudioVersion = 15.0.26124.0
Project("{2150E333-8FDC-42A3-9474-1A3956D46DE8}") = "src", "src", "{07862239-CCAA-4EF5-8868-723291686842}"
EndProject
Project("{9A19103F-16F7-4668-BE54-9A1E7A4F7556}") = "AisParser", "src\AisParser\AisParser.csproj", "{A3EE917A-8516-47AB-99B2-314479085A4E}"
EndProject
Project("{2150E333-8FDC-42A3-9474-1A3956D46DE8}") = "test", "test", "{07BA16C3-7561-4FEE-9806-566132A85AC3}"
EndProject
Project("{9A19103F-16F7-4668-BE54-9A1E7A4F7556}") = "AisParserTests", "test\AisParserTests\AisParserTests.csproj", "{1AC32C57-6BCF-49F1-B996-D681F9DE145F}"
EndProject
Global
	GlobalSection(SolutionConfigurationPlatforms) = preSolution
		Debug|Any CPU = Debug|Any CPU
		Debug|x64 = Debug|x64
		Debug|x86 = Debug|x86
		Release|Any CPU = Release|Any CPU
		Release|x64 = Release|x64
		Release|x86 = Release|x86
	EndGlobalSection
	GlobalSection(ProjectConfigurationPlatforms) = postSolution
		{A3EE917A-8516-47AB-99B2-314479085A4E}.Debug|Any CPU.ActiveCfg = Debug|Any CPU
		{A3EE917A-8516-47AB-99B2-314479085A4E}.Debug|Any CPU.Build.0 = Debug|Any CPU
		{A3EE917A-8516-47AB-99B2-314479085A4E}.Debug|x64.ActiveCfg = Debug|Any CPU
		{A3EE917A-8516-47AB-99B2-314479085A4E}.Debug|x64.Build.0 = Debug|Any CPU
		{A3EE917A-8516-47AB-99B2-314479085A4E}.Debug|x86.ActiveCfg = Debug|Any CPU
		{A3EE917A-8516-47AB-99B2-314479085A4E}.Debug|x86.Build.0 = Debug|Any CPU
		{A3EE917A-8516-47AB-99B2-314479085A4E}.Release|Any CPU.ActiveCfg = Release|Any CPU
		{A3EE917A-8516-47AB-99B2-314479085A4E}.Release|Any CPU.Build.0 = Release|Any CPU
		{A3EE917A-8516-47AB-99B2-314479085A4E}.Release|x64.ActiveCfg = Release|Any CPU
		{A3EE917A-8516-47AB-99B2-314479085A4E}.Release|x64.Build.0 = Release|Any CPU
		{A3EE917A-8516-47AB-99B2-314479085A4E}.Release|x86.ActiveCfg = Release|Any CPU
		{A3EE917A-8516-47AB-99B2-314479085A4E}.Release|x86.Build.0 = Release|Any CPU
		{1AC32C57-6BCF-49F1-B996-D681F9DE145F}.Debug|Any CPU.ActiveCfg = Debug|Any CPU
		{1AC32C57-6BCF-49F1-B996-D681F9DE145F}.Debug|Any CPU.Build.0 = Debug|Any CPU
		{1AC32C57-6BCF-49F1-B996-D681F9DE145F}.Debug|x64.ActiveCfg = Debug|Any CPU
		{1AC32C57-6BCF-49F1-B996-D681F9DE145F}.Debug|x64.Build.0 = Debug|Any CPU
		{1AC32C57-6BCF-49F1-B996-D681F9DE145F}.Debug|x86.ActiveCfg = Debug|Any CPU
		{1AC32C57-6BCF-49F1-B996-D681F9DE145F}.Debug|x86.Build.0 = Debug|Any CPU
		{1AC32C57-6BCF-49F1-B996-D681F9DE145F}.Release|Any CPU.ActiveCfg = Release|Any CPU
		{1AC32C57-6BCF-49F1-B996-D681F9DE145F}.Release|Any CPU.Build.0 = Release|Any CPU
		{1AC32C57-6BCF-49F1-B996-D681F9DE145F}.Release|x64.ActiveCfg = Release|Any CPU
		{1AC32C57-6BCF-49F1-B996-D681F9DE145F}.Release|x64.Build.0 = Release|Any CPU
		{1AC32C57-6BCF-49F1-B996-D681F9DE145F}.Release|x86.ActiveCfg = Release|Any CPU
		{1AC32C57-6BCF-49F1-B996-D681F9DE145F}.Release|x86.Build.0 = Release|Any CPU
	EndGlobalSection
	GlobalSection(SolutionProperties) = preSolution
		HideSolutionNode = FALSE
	EndGlobalSection
	GlobalSection(NestedProjects) = preSolution
		{A3EE917A-8516-47AB-99B2-314479085A4E} = {07862239-CCAA-4EF5-8868-723291686842}
		{1AC32C57-6BCF-49F1-B996-D681F9DE145F} = {07BA16C3-7561-4FEE-9806-566132A85AC3}
	EndGlobalSection
	GlobalSection(ExtensibilityGlobals) = postSolution
		SolutionGuid = {A40B8F9E-F8C3-42FC-8A20-8E76452D9ABC}
	EndGlobalSection
EndGlobal
